Microsoft Visual Studio Solution File, Format Version 12.00
# Visual Studio Version 17
VisualStudioVersion = 17.5.2.0
MinimumVisualStudioVersion = 10.0.40219.1
Project("{FAE04EC0-301F-11D3-BF4B-00C04F79EFBC}") = "MiniChallengeTwoToFourRefactored", "MiniChallengeTwoToFourRefactored.csproj", "{ACCACB78-2E6C-C6F6-07DE-DCAA89A64A09}"
EndProject
Global
	GlobalSection(SolutionConfigurationPlatforms) = preSolution
		Debug|Any CPU = Debug|Any CPU
		Release|Any CPU = Release|Any CPU
	EndGlobalSection
	GlobalSection(ProjectConfigurationPlatforms) = postSolution
		{ACCACB78-2E6C-C6F6-07DE-DCAA89A64A09}.Debug|Any CPU.ActiveCfg = Debug|Any CPU
		{ACCACB78-2E6C-C6F6-07DE-DCAA89A64A09}.Debug|Any CPU.Build.0 = Debug|Any CPU
		{ACCACB78-2E6C-C6F6-07DE-DCAA89A64A09}.Release|Any CPU.ActiveCfg = Release|Any CPU
		{ACCACB78-2E6C-C6F6-07DE-DCAA89A64A09}.Release|Any CPU.Build.0 = Release|Any CPU
	EndGlobalSection
	GlobalSection(SolutionProperties) = preSolution
		HideSolutionNode = FALSE
	EndGlobalSection
	GlobalSection(ExtensibilityGlobals) = postSolution
		SolutionGuid = {4C40D309-D374-4277-9F55-C5AE06E2FA56}
	EndGlobalSection
EndGlobal
